hash: 87ac77cc12f74470f028365118c15243bdaa8b030a410f44f6b368926989bd5b
updated: 2017-07-05T13:56:11.99080126+05:30
imports:
- name: github.com/gorilla/context
  version: 08b5f424b9271eedf6f9f0ce86cb9396ed337a42
- name: github.com/gorilla/mux
  version: ac112f7d75a0714af1bd86ab17749b31f7809640
devImports: []
